// !$*UTF8*$!
{
	archiveVersion = 1;
	classes = {
	};
	objectVersion = 50;
	objects = {

/* Begin PBXBuildFile section */
		A0DBB2EF2507008D0091D6BC /* AppDelegate.swift in Sources */ = {isa = PBXBuildFile; fileRef = A0DBB2EE2507008D0091D6BC /* AppDelegate.swift */; };
		A0DBB2F12507008D0091D6BC /* SceneDelegate.swift in Sources */ = {isa = PBXBuildFile; fileRef = A0DBB2F02507008D0091D6BC /* SceneDelegate.swift */; };
		A0DBB2F32507008D0091D6BC /* ViewController.swift in Sources */ = {isa = PBXBuildFile; fileRef = A0DBB2F22507008D0091D6BC /* ViewController.swift */; };
		A0DBB2F62507008D0091D6BC /* Main.storyboard in Resources */ = {isa = PBXBuildFile; fileRef = A0DBB2F42507008D0091D6BC /* Main.storyboard */; };
		A0DBB2F82507008F0091D6BC /* Assets.xcassets in Resources */ = {isa = PBXBuildFile; fileRef = A0DBB2F72507008F0091D6BC /* Assets.xcassets */; };
		A0DBB2FB2507008F0091D6BC /* LaunchScreen.storyboard in Resources */ = {isa = PBXBuildFile; fileRef = A0DBB2F92507008F0091D6BC /* LaunchScreen.storyboard */; };
/* End PBXBuildFile section */

/* Begin PBXFileReference section */
		A0DBB2EB2507008D0091D6BC /* Mod1_CreativeApp_CPSJackG.app */ = {isa = PBXFileReference; explicitFileType = wrapper.application; includeInIndex = 0; path = Mod1_CreativeApp_CPSJackG.app; sourceTree = BUILT_PRODUCTS_DIR; };
		A0DBB2EE2507008D0091D6BC /* AppDelegate.swift */ = {isa = PBXFileReference; lastKnownFileType = sourcecode.swift; path = AppDelegate.swift; sourceTree = "<group>"; };
		A0DBB2F02507008D0091D6BC /* SceneDelegate.swift */ = {isa = PBXFileReference; lastKnownFileType = sourcecode.swift; path = SceneDelegate.swift; sourceTree = "<group>"; };
		A0DBB2F22507008D0091D6BC /* ViewController.swift */ = {isa = PBXFileReference; lastKnownFileType = sourcecode.swift; path = ViewController.swift; sourceTree = "<group>"; };
		A0DBB2F52507008D0091D6BC /* Base */ = {isa = PBXFileReference; lastKnownFileType = file.storyboard; name = Base; path = Base.lproj/Main.storyboard; sourceTree = "<group>"; };
		A0DBB2F72507008F0091D6BC /* Assets.xcassets */ = {isa = PBXFileReference; lastKnownFileType = folder.assetcatalog; path = Assets.xcassets; sourceTree = "<group>"; };
		A0DBB2FA2507008F0091D6BC /* Base */ = {isa = PBXFileReference; lastKnownFileType = file.storyboard; name = Base; path = Base.lproj/LaunchScreen.storyboard; sourceTree = "<group>"; };
		A0DBB2FC2507008F0091D6BC /* Info.plist */ = {isa = PBXFileReference; lastKnownFileType = text.plist.xml; path = Info.plist; sourceTree = "<group>"; };
/* End PBXFileReference section */

/* Begin PBXFrameworksBuildPhase section */
		A0DBB2E82507008D0091D6BC /* Frameworks */ = {
			isa = PBXFrameworksBuildPhase;
			buildActionMask = 2147483647;
			files = (
			);
			runOnlyForDeploymentPostprocessing = 0;
		};
/* End PBXFrameworksBuildPhase section */

/* Begin PBXGroup section */
		A0DBB2E22507008C0091D6BC = {
			isa = PBXGroup;
			children = (
				A0DBB2ED2507008D0091D6BC /* Mod1_CreativeApp_TBDJackG */,
				A0DBB2EC2507008D0091D6BC /* Products */,
			);
			sourceTree = "<group>";
		};
		A0DBB2EC2507008D0091D6BC /* Products */ = {
			isa = PBXGroup;
			children = (
				A0DBB2EB2507008D0091D6BC /* Mod1_CreativeApp_CPSJackG.app */,
			);
			name = Products;
			sourceTree = "<group>";
		};
		A0DBB2ED2507008D0091D6BC /* Mod1_CreativeApp_TBDJackG */ = {
			isa = PBXGroup;
			children = (
				A0DBB2EE2507008D0091D6BC /* AppDelegate.swift */,
				A0DBB2F02507008D0091D6BC /* SceneDelegate.swift */,
				A0DBB2F22507008D0091D6BC /* ViewController.swift */,
				A0DBB2F42507008D0091D6BC /* Main.storyboard */,
				A0DBB2F72507008F0091D6BC /* Assets.xcassets */,
				A0DBB2F92507008F0091D6BC /* LaunchScreen.storyboard */,
				A0DBB2FC2507008F0091D6BC /* Info.plist */,
			);
			path = Mod1_CreativeApp_TBDJackG;
			sourceTree = "<group>";
		};
/* End PBXGroup section */

/* Begin PBXNativeTarget section */
		A0DBB2EA2507008D0091D6BC /* Mod1_CreativeApp_TBDJackG */ = {
			isa = PBXNativeTarget;
			buildConfigurationList = A0DBB2FF2507008F0091D6BC /* Build configuration list for PBXNativeTarget "Mod1_CreativeApp_TBDJackG" */;
			buildPhases = (
				A0DBB2E72507008D0091D6BC /* Sources */,
				A0DBB2E82507008D0091D6BC /* Frameworks */,
				A0DBB2E92507008D0091D6BC /* Resources */,
			);
			buildRules = (
			);
			dependencies = (
			);
			name = Mod1_CreativeApp_TBDJackG;
			productName = Mod1_CreativeApp_TBDJackG;
			productReference = A0DBB2EB2507008D0091D6BC /* Mod1_CreativeApp_CPSJackG.app */;
			productType = "com.apple.product-type.application";
		};
/* End PBXNativeTarget section */

/* Begin PBXProject section */
		A0DBB2E32507008C0091D6BC /* Project object */ = {
			isa = PBXProject;
			attributes = {
				LastSwiftUpdateCheck = 1160;
				LastUpgradeCheck = 1160;
				ORGANIZATIONNAME = "Jack Gronberg";
				TargetAttributes = {
					A0DBB2EA2507008D0091D6BC = {
						CreatedOnToolsVersion = 11.6;
					};
				};
			};
			buildConfigurationList = A0DBB2E62507008D0091D6BC /* Build configuration list for PBXProject "Mod1_CreativeApp_TBDJackG" */;
			compatibilityVersion = "Xcode 9.3";
			developmentRegion = en;
			hasScannedForEncodings = 0;
			knownRegions = (
				en,
				Base,
			);
			mainGroup = A0DBB2E22507008C0091D6BC;
			productRefGroup = A0DBB2EC2507008D0091D6BC /* Products */;
			projectDirPath = "";
			projectRoot = "";
			targets = (
				A0DBB2EA2507008D0091D6BC /* Mod1_CreativeApp_TBDJackG */,
			);
		};
/* End PBXProject section */

/* Begin PBXResourcesBuildPhase section */
		A0DBB2E92507008D0091D6BC /* Resources */ = {
			isa = PBXResourcesBuildPhase;
			buildActionMask = 2147483647;
			files = (
				A0DBB2FB2507008F0091D6BC /* LaunchScreen.storyboard in Resources */,
				A0DBB2F82507008F0091D6BC /* Assets.xcassets in Resources */,
				A0DBB2F62507008D0091D6BC /* Main.storyboard in Resources */,
			);
			runOnlyForDeploymentPostprocessing = 0;
		};
/* End PBXResourcesBuildPhase section */

/* Begin PBXSourcesBuildPhase section */
		A0DBB2E72507008D0091D6BC /* Sources */ = {
			isa = PBXSourcesBuildPhase;
			buildActionMask = 2147483647;
			files = (
				A0DBB2F32507008D0091D6BC /* ViewController.swift in Sources */,
				A0DBB2EF2507008D0091D6BC /* AppDelegate.swift in Sources */,
				A0DBB2F12507008D0091D6BC /* SceneDelegate.swift in Sources */,
			);
			runOnlyForDeploymentPostprocessing = 0;
		};
/* End PBXSourcesBuildPhase section */

/* Begin PBXVariantGroup section */
		A0DBB2F42507008D0091D6BC /* Main.storyboard */ = {
			isa = PBXVariantGroup;
			children = (
				A0DBB2F52507008D0091D6BC /* Base */,
			);
			name = Main.storyboard;
			sourceTree = "<group>";
		};
		A0DBB2F92507008F0091D6BC /* LaunchScreen.storyboard */ = {
			isa = PBXVariantGroup;
			children = (
				A0DBB2FA2507008F0091D6BC /* Base */,
			);
			name = LaunchScreen.storyboard;
			sourceTree = "<group>";
		};
/* End PBXVariantGroup section */

/* Begin XCBuildConfiguration section */
		A0DBB2FD2507008F0091D6BC /* Debug */ = {
			isa = XCBuildConfiguration;
			buildSettings = {
				ALWAYS_SEARCH_USER_PATHS = NO;
				CLANG_ANALYZER_NONNULL = YES;
				CLANG_ANALYZER_NUMBER_OBJECT_CONVERSION = YES_AGGRESSIVE;
				CLANG_CXX_LANGUAGE_STANDARD = "gnu++14";
				CLANG_CXX_LIBRARY = "libc++";
				CLANG_ENABLE_MODULES = YES;
				CLANG_ENABLE_OBJC_ARC = YES;
				CLANG_ENABLE_OBJC_WEAK = YES;
				CLANG_WARN_BLOCK_CAPTURE_AUTORELEASING = YES;
				CLANG_WARN_BOOL_CONVERSION = YES;
				CLANG_WARN_COMMA = YES;
				CLANG_WARN_CONSTANT_CONVERSION = YES;
				CLANG_WARN_DEPRECATED_OBJC_IMPLEMENTATIONS = YES;
				CLANG_WARN_DIRECT_OBJC_ISA_USAGE = YES_ERROR;
				CLANG_WARN_DOCUMENTATION_COMMENTS = YES;
				CLANG_WARN_EMPTY_BODY = YES;
				CLANG_WARN_ENUM_CONVERSION = YES;
				CLANG_WARN_INFINITE_RECURSION = YES;
				CLANG_WARN_INT_CONVERSION = YES;
				CLANG_WARN_NON_LITERAL_NULL_CONVERSION = YES;
				CLANG_WARN_OBJC_IMPLICIT_RETAIN_SELF = YES;
				CLANG_WARN_OBJC_LITERAL_CONVERSION = YES;
				CLANG_WARN_OBJC_ROOT_CLASS = YES_ERROR;
				CLANG_WARN_RANGE_LOOP_ANALYSIS = YES;
				CLANG_WARN_STRICT_PROTOTYPES = YES;
				CLANG_WARN_SUSPICIOUS_MOVE = YES;
				CLANG_WARN_UNGUARDED_AVAILABILITY = YES_AGGRESSIVE;
				CLANG_WARN_UNREACHABLE_CODE = YES;
				CLANG_WARN__DUPLICATE_METHOD_MATCH = YES;
				COPY_PHASE_STRIP = NO;
				DEBUG_INFORMATION_FORMAT = dwarf;
				ENABLE_STRICT_OBJC_MSGSEND = YES;
				ENABLE_TESTABILITY = YES;
				GCC_C_LANGUAGE_STANDARD = gnu11;
				GCC_DYNAMIC_NO_PIC = NO;
				GCC_NO_COMMON_BLOCKS = YES;
				GCC_OPTIMIZATION_LEVEL = 0;
				GCC_PREPROCESSOR_DEFINITIONS = (
					"DEBUG=1",
					"$(inherited)",
				);
				GCC_WARN_64_TO_32_BIT_CONVERSION = YES;
				GCC_WARN_ABOUT_RETURN_TYPE = YES_ERROR;
				GCC_WARN_UNDECLARED_SELECTOR = YES;
				GCC_WARN_UNINITIALIZED_AUTOS = YES_AGGRESSIVE;
				GCC_WARN_UNUSED_FUNCTION = YES;
				GCC_WARN_UNUSED_VARIABLE = YES;
				IPHONEOS_DEPLOYMENT_TARGET = 13.6;
				MTL_ENABLE_DEBUG_INFO = INCLUDE_SOURCE;
				MTL_FAST_MATH = YES;
				ONLY_ACTIVE_ARCH = YES;
				SDKROOT = iphoneos;
				SWIFT_ACTIVE_COMPILATION_CONDITIONS = DEBUG;
				SWIFT_OPTIMIZATION_LEVEL = "-Onone";
			};
			name = Debug;
		};
		A0DBB2FE2507008F0091D6BC /* Release */ = {
			isa = XCBuildConfiguration;
			buildSettings = {
				ALWAYS_SEARCH_USER_PATHS = NO;
				CLANG_ANALYZER_NONNULL = YES;
				CLANG_ANALYZER_NUMBER_OBJECT_CONVERSION = YES_AGGRESSIVE;
				CLANG_CXX_LANGUAGE_STANDARD = "gnu++14";
				CLANG_CXX_LIBRARY = "libc++";
				CLANG_ENABLE_MODULES = YES;
				CLANG_ENABLE_OBJC_ARC = YES;
				CLANG_ENABLE_OBJC_WEAK = YES;
				CLANG_WARN_BLOCK_CAPTURE_AUTORELEASING = YES;
				CLANG_WARN_BOOL_CONVERSION = YES;
				CLANG_WARN_COMMA = YES;
				CLANG_WARN_CONSTANT_CONVERSION = YES;
				CLANG_WARN_DEPRECATED_OBJC_IMPLEMENTATIONS = YES;
				CLANG_WARN_DIRECT_OBJC_ISA_USAGE = YES_ERROR;
				CLANG_WARN_DOCUMENTATION_COMMENTS = YES;
				CLANG_WARN_EMPTY_BODY = YES;
				CLANG_WARN_ENUM_CONVERSION = YES;
				CLANG_WARN_INFINITE_RECURSION = YES;
				CLANG_WARN_INT_CONVERSION = YES;
				CLANG_WARN_NON_LITERAL_NULL_CONVERSION = YES;
				CLANG_WARN_OBJC_IMPLICIT_RETAIN_SELF = YES;
				CLANG_WARN_OBJC_LITERAL_CONVERSION = YES;
				CLANG_WARN_OBJC_ROOT_CLASS = YES_ERROR;
				CLANG_WARN_RANGE_LOOP_ANALYSIS = YES;
				CLANG_WARN_STRICT_PROTOTYPES = YES;
				CLANG_WARN_SUSPICIOUS_MOVE = YES;
				CLANG_WARN_UNGUARDED_AVAILABILITY = YES_AGGRESSIVE;
				CLANG_WARN_UNREACHABLE_CODE = YES;
				CLANG_WARN__DUPLICATE_METHOD_MATCH = YES;
				COPY_PHASE_STRIP = NO;
				DEBUG_INFORMATION_FORMAT = "dwarf-with-dsym";
				ENABLE_NS_ASSERTIONS = NO;
				ENABLE_STRICT_OBJC_MSGSEND = YES;
				GCC_C_LANGUAGE_STANDARD = gnu11;
				GCC_NO_COMMON_BLOCKS = YES;
				GCC_WARN_64_TO_32_BIT_CONVERSION = YES;
				GCC_WARN_ABOUT_RETURN_TYPE = YES_ERROR;
				GCC_WARN_UNDECLARED_SELECTOR = YES;
				GCC_WARN_UNINITIALIZED_AUTOS = YES_AGGRESSIVE;
				GCC_WARN_UNUSED_FUNCTION = YES;
				GCC_WARN_UNUSED_VARIABLE = YES;
				IPHONEOS_DEPLOYMENT_TARGET = 13.6;
				MTL_ENABLE_DEBUG_INFO = NO;
				MTL_FAST_MATH = YES;
				SDKROOT = iphoneos;
				SWIFT_COMPILATION_MODE = wholemodule;
				SWIFT_OPTIMIZATION_LEVEL = "-O";
				VALIDATE_PRODUCT = YES;
			};
			name = Release;
		};
		A0DBB3002507008F0091D6BC /* Debug */ = {
			isa = XCBuildConfiguration;
			buildSettings = {
				ASSETCATALOG_COMPILER_APPICON_NAME = AppIcon;
				CODE_SIGN_STYLE = Automatic;
				DEVELOPMENT_TEAM = 7S324PAJNV;
				INFOPLIST_FILE = Mod1_CreativeApp_TBDJackG/Info.plist;
				LD_RUNPATH_SEARCH_PATHS = (
					"$(inherited)",
					"@executable_path/Frameworks",
				);
				PRODUCT_BUNDLE_IDENTIFIER = "clc.Mod1-CreativeApp-TBDJackG";
				PRODUCT_NAME = Mod1_CreativeApp_CPSJackG;
				SWIFT_VERSION = 5.0;
				TARGETED_DEVICE_FAMILY = "1,2";
			};
			name = Debug;
		};
		A0DBB3012507008F0091D6BC /* Release */ = {
			isa = XCBuildConfiguration;
			buildSettings = {
				ASSETCATALOG_COMPILER_APPICON_NAME = AppIcon;
				CODE_SIGN_STYLE = Automatic;
				DEVELOPMENT_TEAM = 7S324PAJNV;
				INFOPLIST_FILE = Mod1_CreativeApp_TBDJackG/Info.plist;
				LD_RUNPATH_SEARCH_PATHS = (
					"$(inherited)",
					"@executable_path/Frameworks",
				);
				PRODUCT_BUNDLE_IDENTIFIER = "clc.Mod1-CreativeApp-TBDJackG";
				PRODUCT_NAME = Mod1_CreativeApp_CPSJackG;
				SWIFT_VERSION = 5.0;
				TARGETED_DEVICE_FAMILY = "1,2";
			};
			name = Release;
		};
/* End XCBuildConfiguration section */

/* Begin XCConfigurationList section */
		A0DBB2E62507008D0091D6BC /* Build configuration list for PBXProject "Mod1_CreativeApp_TBDJackG" */ = {
			isa = XCConfigurationList;
			buildConfigurations = (
				A0DBB2FD2507008F0091D6BC /* Debug */,
				A0DBB2FE2507008F0091D6BC /* Release */,
			);
			defaultConfigurationIsVisible = 0;
			defaultConfigurationName = Release;
		};
		A0DBB2FF2507008F0091D6BC /* Build configuration list for PBXNativeTarget "Mod1_CreativeApp_TBDJackG" */ = {
			isa = XCConfigurationList;
			buildConfigurations = (
				A0DBB3002507008F0091D6BC /* Debug */,
				A0DBB3012507008F0091D6BC /* Release */,
			);
			defaultConfigurationIsVisible = 0;
			defaultConfigurationName = Release;
		};
/* End XCConfigurationList section */
	};
	rootObject = A0DBB2E32507008C0091D6BC /* Project object */;
}
